# This file is automatically @generated by Poetry and should not be changed by hand.

[[package]]
name = "aiofiles"
version = "0.4.0"
description = "File support for asyncio."
category = "main"
optional = false
python-versions = "*"
files = [
    {file = "aiofiles-0.4.0-py3-none-any.whl", hash = "sha256:1e644c2573f953664368de28d2aa4c89dfd64550429d0c27c4680ccd3aa4985d"},
    {file = "aiofiles-0.4.0.tar.gz", hash = "sha256:021ea0ba314a86027c166ecc4b4c07f2d40fc0f4b3a950d1868a0f2571c2bbee"},
]

[[package]]
name = "anyio"
version = "3.6.2"
description = "High level compatibility layer for multiple asynchronous event loop implementations"
category = "main"
optional = false
python-versions = ">=3.6.2"
files = [
    {file = "anyio-3.6.2-py3-none-any.whl", hash = "sha256:fbbe32bd270d2a2ef3ed1c5d45041250284e31fc0a4df4a5a6071842051a51e3"},
    {file = "anyio-3.6.2.tar.gz", hash = "sha256:25ea0d673ae30af41a0c442f81cf3b38c7e79fdc7b60335a4c14e05eb0947421"},
]

[package.dependencies]
idna = ">=2.8"
sniffio = ">=1.1"
typing-extensions = {version = "*", markers = "python_version < \"3.8\""}

[package.extras]
doc = ["packaging", "sphinx-autodoc-typehints (>=1.2.0)", "sphinx-rtd-theme"]
test = ["contextlib2", "coverage[toml] (>=4.5)", "hypothesis (>=4.0)", "mock (>=4)", "pytest (>=7.0)", "pytest-mock (>=3.6.1)", "trustme", "uvloop (<0.15)", "uvloop (>=0.15)"]
trio = ["trio (>=0.16,<0.22)"]

[[package]]
name = "boto"
version = "2.49.0"
description = "Amazon Web Services Library"
category = "main"
optional = false
python-versions = "*"
files = [
    {file = "boto-2.49.0-py2.py3-none-any.whl", hash = "sha256:147758d41ae7240dc989f0039f27da8ca0d53734be0eb869ef16e3adcfa462e8"},
    {file = "boto-2.49.0.tar.gz", hash = "sha256:ea0d3b40a2d852767be77ca343b58a9e3a4b00d9db440efb8da74b4e58025e5a"},
]

[[package]]
name = "boto3"
version = "1.9.111"
description = "The AWS SDK for Python"
category = "main"
optional = false
python-versions = "*"
files = [
    {file = "boto3-1.9.111-py2.py3-none-any.whl", hash = "sha256:f3b77dff382374773d02411fa47ee408f4f503aeebd837fd9dc9ed8635bc5e8e"},
    {file = "boto3-1.9.111.tar.gz", hash = "sha256:06414c75d1f62af7d04fd652b38d1e4fd3cfd6b35bad978466af88e2aaecd00d"},
]

[package.dependencies]
botocore = ">=1.12.111,<1.13.0"
jmespath = ">=0.7.1,<1.0.0"
s3transfer = ">=0.2.0,<0.3.0"

[[package]]
name = "botocore"
version = "1.12.111"
description = "Low-level, data-driven core of boto 3."
category = "main"
optional = false
python-versions = "*"
files = [
    {file = "botocore-1.12.111-py2.py3-none-any.whl", hash = "sha256:9f5123c7be704b17aeacae99b5842ab17bda1f799dd29134de8c70e0a50a45d7"},
    {file = "botocore-1.12.111.tar.gz", hash = "sha256:6af473c52d5e3e7ff82de5334e9fee96b2d5ec2df5d78bc00cd9937e2573a7a8"},
]

[package.dependencies]
docutils = ">=0.10"
jmespath = ">=0.7.1,<1.0.0"
python-dateutil = {version = ">=2.1,<3.0.0", markers = "python_version >= \"2.7\""}
urllib3 = {version = ">=1.20,<1.25", markers = "python_version >= \"3.4\""}

[[package]]
name = "bz2file"
version = "0.98"
description = "Read and write bzip2-compressed files."
category = "main"
optional = false
python-versions = "*"
files = [
    {file = "bz2file-0.98.tar.gz", hash = "sha256:64c1f811e31556ba9931953c8ec7b397488726c63e09a4c67004f43bdd28da88"},
]

[[package]]
name = "certifi"
version = "2019.3.9"
description = "Python package for providing Mozilla's CA Bundle."
category = "main"
optional = false
python-versions = "*"
files = [
    {file = "certifi-2019.3.9-py2.py3-none-any.whl", hash = "sha256:59b7658e26ca9c7339e00f8f4636cdfe59d34fa37b9b04f6f9e9926b3cece1a5"},
    {file = "certifi-2019.3.9.tar.gz", hash = "sha256:b26104d6835d1f5e49452a26eb2ff87fe7090b89dfcaee5ea2212697e1e1d7ae"},
]

[[package]]
name = "chardet"
version = "3.0.4"
description = "Universal encoding detector for Python 2 and 3"
category = "main"
optional = false
python-versions = "*"
files = [
    {file = "chardet-3.0.4-py2.py3-none-any.whl", hash = "sha256:fc323ffcaeaed0e0a02bf4d117757b98aed530d9ed4531e3e15460124c106691"},
    {file = "chardet-3.0.4.tar.gz", hash = "sha256:84ab92ed1c4d4f16916e05906b6b75a6c0fb5db821cc65e70cbd64a3e2a5eaae"},
]

[[package]]
name = "click"
version = "7.0"
description = "Composable command line interface toolkit"
category = "main"
optional = false
python-versions = ">=2.7, !=3.0.*, !=3.1.*, !=3.2.*, !=3.3.*"
files = [
    {file = "Click-7.0-py2.py3-none-any.whl", hash = "sha256:2335065e6395b9e67ca716de5f7526736bfa6ceead690adf616d925bdc622b13"},
    {file = "Click-7.0.tar.gz", hash = "sha256:5b94b49521f6456670fdb30cd82a4eca9412788a93fa6dd6df72c94d5a8ff2d7"},
]

[[package]]
name = "docutils"
version = "0.14"
description = "Docutils -- Python Documentation Utilities"
category = "main"
optional = false
python-versions = "*"
files = [
    {file = "docutils-0.14-py2-none-any.whl", hash = "sha256:7a4bd47eaf6596e1295ecb11361139febe29b084a87bf005bf899f9a42edc3c6"},
    {file = "docutils-0.14-py3-none-any.whl", hash = "sha256:02aec4bd92ab067f6ff27a38a38a41173bf01bed8f89157768c1573f53e474a6"},
    {file = "docutils-0.14.tar.gz", hash = "sha256:51e64ef2ebfb29cae1faa133b3710143496eca21c530f3f71424d77687764274"},
]

[[package]]
name = "feedparser"
version = "5.2.1"
description = "Universal feed parser, handles RSS 0.9x, RSS 1.0, RSS 2.0, CDF, Atom 0.3, and Atom 1.0 feeds"
category = "main"
optional = false
python-versions = "*"
files = [
    {file = "feedparser-5.2.1.tar.bz2", hash = "sha256:ce875495c90ebd74b179855449040003a1beb40cd13d5f037a0654251e260b02"},
    {file = "feedparser-5.2.1.tar.gz", hash = "sha256:bd030652c2d08532c034c27fcd7c85868e7fa3cb2b17f230a44a6bbc92519bf9"},
    {file = "feedparser-5.2.1.zip", hash = "sha256:cd2485472e41471632ed3029d44033ee420ad0b57111db95c240c9160a85831c"},
]

[[package]]
name = "gensim"
version = "3.7.1"
description = "Python framework for fast Vector Space Modelling"
category = "main"
optional = false
python-versions = "*"
files = [
    {file = "gensim-3.7.1-cp27-cp27m-macosx_10_6_intel.macosx_10_9_intel.macosx_10_9_x86_64.macosx_10_10_intel.macosx_10_10_x86_64.whl", hash = "sha256:83c635baa9f3091211bdc0fc8888c0ec1ecc6ab8de27ab27c6384e71fc746347"},
    {file = "gensim-3.7.1-cp27-cp27m-manylinux1_i686.whl", hash = "sha256:02a2063eaf0e47d22002a29ac94f135279ce3a8ee9f878cb5d1608eb662b3b0e"},
    {file = "gensim-3.7.1-cp27-cp27m-manylinux1_x86_64.whl", hash = "sha256:923ced098522431f59122f8457f3837f297bba45d5959866793ec89404a426f1"},
    {file = "gensim-3.7.1-cp27-cp27m-win32.whl", hash = "sha256:30d69907d918ba7eca066ed3ee5be409c7b6e47d18b11256102b5b10c2ec0573"},
    {file = "gensim-3.7.1-cp27-cp27m-win_amd64.whl", hash = "sha256:bbd16c75525638cc01fb5510f2f4148d47b8064fbac858c76420f47837d35859"},
    {file = "gensim-3.7.1-cp27-cp27mu-manylinux1_i686.whl", hash = "sha256:04a5cf62c9e85b9d7d731a75aac2d69c809859737474da435263e1483e0a2a1b"},
    {file = "gensim-3.7.1-cp27-cp27mu-manylinux1_x86_64.whl", hash = "sha256:9dfd74bce3a1e16af176341b18d51584acd650dcf4fb11852573528485667b07"},
    {file = "gensim-3.7.1-cp35-cp35m-macosx_10_6_intel.macosx_10_9_intel.macosx_10_9_x86_64.macosx_10_10_intel.macosx_10_10_x86_64.whl", hash = "sha256:cca3b4b312e7167a88a11e175e48a9f109d5a66b6d08407956019380a1ff0216"},
    {file = "gensim-3.7.1-cp35-cp35m-manylinux1_i686.whl", hash = "sha256:403b3f8dc25bf61170e106d880259c293d8a4dcddf22bd4b1e468f3c8d3cbda5"},
    {file = "gensim-3.7.1-cp35-cp35m-manylinux1_x86_64.whl", hash = "sha256:370938172157e38c4201aaf7f7d2ccdbee7fb830f821cce3fd4adaf1a1aa8d9f"},
    {file = "gensim-3.7.1-cp35-cp35m-win32.whl", hash = "sha256:3685aa0a8bcb479f1623791ba5d88ccdda9335254750eb7ebd05f2811b879470"},
    {file = "gensim-3.7.1-cp35-cp35m-win_amd64.whl", hash = "sha256:22875a91c0be03569a6859424170f0b08eb5ff294b90b838e2b8b4bfd0d31c1d"},
    {file = "gensim-3.7.1-cp36-cp36m-macosx_10_6_intel.macosx_10_9_intel.macosx_10_9_x86_64.macosx_10_10_intel.macosx_10_10_x86_64.whl", hash = "sha256:1750251bc6c15c410629c727a4ca0bdc1d354dcb6eb3ac6bf6abdeb748abf022"},
    {file = "gensim-3.7.1-cp36-cp36m-manylinux1_i686.whl", hash = "sha256:09df605d2ca4c547915f046a6aec7354061528b27a496e37bb4c09a7c80c7b0e"},
    {file = "gensim-3.7.1-cp36-cp36m-manylinux1_x86_64.whl", hash = "sha256:7cb98fe25bd147436d8965e747f1f7cb370c10251cef1f945777e7ac34b80e13"},
    {file = "gensim-3.7.1-cp36-cp36m-win32.whl", hash = "sha256:ae5f378ead4daacc8e4a35ebfbae9a7cd1607103278c47319176be6e653cfa8e"},
    {file = "gensim-3.7.1-cp36-cp36m-win_amd64.whl", hash = "sha256:58a31d55c4e0212f9b42cb0d6694f6e51a71ab76f834d43f132933e7fe8d58c8"},
    {file = "gensim-3.7.1-cp37-cp37m-macosx_10_6_intel.macosx_10_9_intel.macosx_10_9_x86_64.macosx_10_10_intel.macosx_10_10_x86_64.whl", hash = "sha256:556ef121b83d9426fad7a658934dab113f774ce717e3aaf5bec43c85875cf82d"},
    {file = "gensim-3.7.1-cp37-cp37m-manylinux1_i686.whl", hash = "sha256:c557a43738e7f7bfd1f394f0f92a1da2a72bfa10e24eafa0b4e148da4632aa73"},
    {file = "gensim-3.7.1-cp37-cp37m-manylinux1_x86_64.whl", hash = "sha256:8cc0e831b0f64aa77961122f781aa4d03fe7676a9067b0b7ff40e9f4a65c0284"},
    {file = "gensim-3.7.1-cp37-cp37m-win32.whl", hash = "sha256:76824556d703703c933979b4103d7f7b820c9f304cc3e46b1eccbf187fd1dee5"},
    {file = "gensim-3.7.1-cp37-cp37m-win_amd64.whl", hash = "sha256:b502e0024f4f7e3942b79aac55434eafc6a8d9a0dc15987636aad874b92f45ba"},
    {file = "gensim-3.7.1.tar.gz", hash = "sha256:ed845ac585f724ae1f40fdb517ed8ade822531f9bbcd1be4a599c2e86aff48a8"},
]

[package.dependencies]
numpy = ">=1.11.3"
scipy = ">=0.18.1"
six = ">=1.5.0"
smart-open = ">=1.7.0"

[package.extras]
distributed = ["Pyro4 (>=4.27)"]
docs = ["Morfessor (==2.0.2a4)", "Pyro4 (>=4.27)", "annoy", "cython", "keras (>=2.0.4,<=2.1.4)", "mock", "pattern (<=2.6)", "plotly", "pyemd", "pytest", "pytest-rerunfailures", "python-Levenshtein (>=0.10.2)", "scikit-learn", "sphinx", "sphinxcontrib-napoleon", "sphinxcontrib.programoutput", "tensorflow (<=1.3.0)", "testfixtures", "visdom (>=0.1.8,!=0.1.8.7)"]
test = ["Morfessor (==2.0.2a4)", "annoy", "cython", "keras (>=2.0.4,<=2.1.4)", "mock", "pyemd", "pytest", "pytest-rerunfailures", "python-Levenshtein (>=0.10.2)", "scikit-learn", "tensorflow (<=1.3.0)", "testfixtures", "visdom (>=0.1.8,!=0.1.8.7)"]
test-win = ["Morfessor (==2.0.2a4)", "cython", "mock", "pyemd", "pytest", "pytest-rerunfailures", "python-Levenshtein (>=0.10.2)", "scikit-learn", "testfixtures", "visdom (>=0.1.8,!=0.1.8.7)"]

[[package]]
name = "h11"
version = "0.8.1"
description = "A pure-Python, bring-your-own-I/O implementation of HTTP/1.1"
category = "main"
optional = false
python-versions = "*"
files = [
    {file = "h11-0.8.1-py2.py3-none-any.whl", hash = "sha256:f2b1ca39bfed357d1f19ac732913d5f9faa54a5062eca7d2ec3a916cfb7ae4c7"},
    {file = "h11-0.8.1.tar.gz", hash = "sha256:acca6a44cb52a32ab442b1779adf0875c443c689e9e028f8d831a3769f9c5208"},
]

[[package]]
name = "httptools"
version = "0.0.13"
description = "A collection of framework independent HTTP protocol utils."
category = "main"
optional = false
python-versions = "*"
files = [
    {file = "httptools-0.0.13.tar.gz", hash = "sha256:e00cbd7ba01ff748e494248183abc6e153f49181169d8a3d41bb49132ca01dfc"},
]

[[package]]
name = "idna"
version = "2.8"
description = "Internationalized Domain Names in Applications (IDNA)"
category = "main"
optional = false
python-versions = ">=2.7, !=3.0.*, !=3.1.*, !=3.2.*, !=3.3.*"
files = [
    {file = "idna-2.8-py2.py3-none-any.whl", hash = "sha256:ea8b7f6188e6fa117537c3df7da9fc686d485087abf6ac197f9c46432f7e4a3c"},
    {file = "idna-2.8.tar.gz", hash = "sha256:c357b3f628cf53ae2c4c05627ecc484553142ca23264e593d327bcde5e9c3407"},
]

[[package]]
name = "jinja2"
version = "2.10"
description = "A small but fast and easy to use stand-alone template engine written in pure python."
category = "main"
optional = false
python-versions = "*"
files = [
    {file = "Jinja2-2.10-py2.py3-none-any.whl", hash = "sha256:74c935a1b8bb9a3947c50a54766a969d4846290e1e788ea44c1392163723c3bd"},
    {file = "Jinja2-2.10.tar.gz", hash = "sha256:f84be1bb0040caca4cea721fcbbbbd61f9be9464ca236387158b0feea01914a4"},
]

[package.dependencies]
MarkupSafe = ">=0.23"

[package.extras]
i18n = ["Babel (>=0.8)"]

[[package]]
name = "jmespath"
version = "0.9.4"
description = "JSON Matching Expressions"
category = "main"
optional = false
python-versions = "*"
files = [
    {file = "jmespath-0.9.4-py2.py3-none-any.whl", hash = "sha256:3720a4b1bd659dd2eecad0666459b9788813e032b83e7ba58578e48254e0a0e6"},
    {file = "jmespath-0.9.4.tar.gz", hash = "sha256:bde2aef6f44302dfb30320115b17d030798de8c4110e28d5cf6cf91a7a31074c"},
]

[[package]]
name = "markupsafe"
version = "1.1.1"
description = "Safely add untrusted strings to HTML/XML markup."
category = "main"
optional = false
python-versions = ">=2.7,!=3.0.*,!=3.1.*,!=3.2.*,!=3.3.*"
files = [
    {file = "MarkupSafe-1.1.1-cp27-cp27m-macosx_10_6_intel.whl", hash = "sha256:09027a7803a62ca78792ad89403b1b7a73a01c8cb65909cd876f7fcebd79b161"},
    {file = "MarkupSafe-1.1.1-cp27-cp27m-manylinux1_i686.whl", hash = "sha256:e249096428b3ae81b08327a63a485ad0878de3fb939049038579ac0ef61e17e7"},
    {file = "MarkupSafe-1.1.1-cp27-cp27m-manylinux1_x86_64.whl", hash = "sha256:500d4957e52ddc3351cabf489e79c91c17f6e0899158447047588650b5e69183"},
    {file = "MarkupSafe-1.1.1-cp27-cp27m-win32.whl", hash = "sha256:b2051432115498d3562c084a49bba65d97cf251f5a331c64a12ee7e04dacc51b"},
    {file = "MarkupSafe-1.1.1-cp27-cp27m-win_amd64.whl", hash = "sha256:98c7086708b163d425c67c7a91bad6e466bb99d797aa64f965e9d25c12111a5e"},
    {file = "MarkupSafe-1.1.1-cp27-cp27mu-manylinux1_i686.whl", hash = "sha256:cd5df75523866410809ca100dc9681e301e3c27567cf498077e8551b6d20e42f"},
    {file = "MarkupSafe-1.1.1-cp27-cp27mu-manylinux1_x86_64.whl", hash = "sha256:43a55c2930bbc139570ac2452adf3d70cdbb3cfe5912c71cdce1c2c6bbd9c5d1"},
    {file = "MarkupSafe-1.1.1-cp34-cp34m-macosx_10_6_intel.whl", hash = "sha256:1027c282dad077d0bae18be6794e6b6b8c91d58ed8a8d89a89d59693b9131db5"},
    {file = "MarkupSafe-1.1.1-cp34-cp34m-manylinux1_i686.whl", hash = "sha256:62fe6c95e3ec8a7fad637b7f3d372c15ec1caa01ab47926cfdf7a75b40e0eac1"},
    {file = "MarkupSafe-1.1.1-cp34-cp34m-manylinux1_x86_64.whl", hash = "sha256:88e5fcfb52ee7b911e8bb6d6aa2fd21fbecc674eadd44118a9cc3863f938e735"},
    {file = "MarkupSafe-1.1.1-cp34-cp34m-win32.whl", hash = "sha256:ade5e387d2ad0d7ebf59146cc00c8044acbd863725f887353a10df825fc8ae21"},
    {file = "MarkupSafe-1.1.1-cp34-cp34m-win_amd64.whl", hash = "sha256:09c4b7f37d6c648cb13f9230d847adf22f8171b1ccc4d5682398e77f40309235"},
    {file = "MarkupSafe-1.1.1-cp35-cp35m-macosx_10_6_intel.whl", hash = "sha256:79855e1c5b8da654cf486b830bd42c06e8780cea587384cf6545b7d9ac013a0b"},
    {file = "MarkupSafe-1.1.1-cp35-cp35m-manylinux1_i686.whl", hash = "sha256:c8716a48d94b06bb3b2524c2b77e055fb313aeb4ea620c8dd03a105574ba704f"},
    {file = "MarkupSafe-1.1.1-cp35-cp35m-manylinux1_x86_64.whl", hash = "sha256:7c1699dfe0cf8ff607dbdcc1e9b9af1755371f92a68f706051cc8c37d447c905"},
    {file = "MarkupSafe-1.1.1-cp35-cp35m-win32.whl", hash = "sha256:6dd73240d2af64df90aa7c4e7481e23825ea70af4b4922f8ede5b9e35f78a3b1"},
    {file = "MarkupSafe-1.1.1-cp35-cp35m-win_amd64.whl", hash = "sha256:9add70b36c5666a2ed02b43b335fe19002ee5235efd4b8a89bfcf9005bebac0d"},
    {file = "MarkupSafe-1.1.1-cp36-cp36m-macosx_10_6_intel.whl", hash = "sha256:24982cc2533820871eba85ba648cd53d8623687ff11cbb805be4ff7b4c971aff"},
    {file = "MarkupSafe-1.1.1-cp36-cp36m-macosx_10_9_x86_64.whl", hash = "sha256:d53bc011414228441014aa71dbec320c66468c1030aae3a6e29778a3382d96e5"},
    {file = "MarkupSafe-1.1.1-cp36-cp36m-manylinux1_i686.whl", hash = "sha256:00bc623926325b26bb9605ae9eae8a215691f33cae5df11ca5424f06f2d1f473"},
    {file = "MarkupSafe-1.1.1-cp36-cp36m-manylinux1_x86_64.whl", hash = "sha256:717ba8fe3ae9cc0006d7c451f0bb265ee07739daf76355d06366154ee68d221e"},
    {file = "MarkupSafe-1.1.1-cp36-cp36m-manylinux2010_i686.whl", hash = "sha256:3b8a6499709d29c2e2399569d96719a1b21dcd94410a586a18526b143ec8470f"},
    {file = "MarkupSafe-1.1.1-cp36-cp36m-manylinux2010_x86_64.whl", hash = "sha256:84dee80c15f1b560d55bcfe6d47b27d070b4681c699c572af2e3c7cc90a3b8e0"},
    {file = "MarkupSafe-1.1.1-cp36-cp36m-manylinux2014_aarch64.whl", hash = "sha256:b1dba4527182c95a0db8b6060cc98ac49b9e2f5e64320e2b56e47cb2831978c7"},
    {file = "MarkupSafe-1.1.1-cp36-cp36m-win32.whl", hash = "sha256:535f6fc4d397c1563d08b88e485c3496cf5784e927af890fb3c3aac7f933ec66"},
    {file = "MarkupSafe-1.1.1-cp36-cp36m-win_amd64.whl", hash = "sha256:b1282f8c00509d99fef04d8ba936b156d419be841854fe901d8ae224c59f0be5"},
    {file = "MarkupSafe-1.1.1-cp37-cp37m-macosx_10_6_intel.whl", hash = "sha256:8defac2f2ccd6805ebf65f5eeb132adcf2ab57aa11fdf4c0dd5169a004710e7d"},
    {file = "MarkupSafe-1.1.1-cp37-cp37m-macosx_10_9_x86_64.whl", hash = "sha256:bf5aa3cbcfdf57fa2ee9cd1822c862ef23037f5c832ad09cfea57fa846dec193"},
    {file = "MarkupSafe-1.1.1-cp37-cp37m-manylinux1_i686.whl", hash = "sha256:46c99d2de99945ec5cb54f23c8cd5689f6d7177305ebff350a58ce5f8de1669e"},
    {file = "MarkupSafe-1.1.1-cp37-cp37m-manylinux1_x86_64.whl", hash = "sha256:ba59edeaa2fc6114428f1637ffff42da1e311e29382d81b339c1817d37ec93c6"},
    {file = "MarkupSafe-1.1.1-cp37-cp37m-manylinux2010_i686.whl", hash = "sha256:6fffc775d90dcc9aed1b89219549b329a9250d918fd0b8fa8d93d154918422e1"},
    {file = "MarkupSafe-1.1.1-cp37-cp37m-manylinux2010_x86_64.whl", hash = "sha256:a6a744282b7718a2a62d2ed9d993cad6f5f585605ad352c11de459f4108df0a1"},
    {file = "MarkupSafe-1.1.1-cp37-cp37m-manylinux2014_aarch64.whl", hash = "sha256:195d7d2c4fbb0ee8139a6cf67194f3973a6b3042d742ebe0a9ed36d8b6f0c07f"},
    {file = "MarkupSafe-1.1.1-cp37-cp37m-win32.whl", hash = "sha256:b00c1de48212e4cc9603895652c5c410df699856a2853135b3967591e4beebc2"},
    {file = "MarkupSafe-1.1.1-cp37-cp37m-win_amd64.whl", hash = "sha256:9bf40443012702a1d2070043cb6291650a0841ece432556f784f004937f0f32c"},
    {file = "MarkupSafe-1.1.1-cp38-cp38-macosx_10_9_x86_64.whl", hash = "sha256:6788b695d50a51edb699cb55e35487e430fa21f1ed838122d722e0ff0ac5ba15"},
    {file = "MarkupSafe-1.1.1-cp38-cp38-manylinux1_i686.whl", hash = "sha256:cdb132fc825c38e1aeec2c8aa9338310d29d337bebbd7baa06889d09a60a1fa2"},
    {file = "MarkupSafe-1.1.1-cp38-cp38-manylinux1_x86_64.whl", hash = "sha256:13d3144e1e340870b25e7b10b98d779608c02016d5184cfb9927a9f10c689f42"},
    {file = "MarkupSafe-1.1.1-cp38-cp38-manylinux2010_i686.whl", hash = "sha256:acf08ac40292838b3cbbb06cfe9b2cb9ec78fce8baca31ddb87aaac2e2dc3bc2"},
    {file = "MarkupSafe-1.1.1-cp38-cp38-manylinux2010_x86_64.whl", hash = "sha256:d9be0ba6c527163cbed5e0857c451fcd092ce83947944d6c14bc95441203f032"},
    {file = "MarkupSafe-1.1.1-cp38-cp38-manylinux2014_aarch64.whl", hash = "sha256:caabedc8323f1e93231b52fc32bdcde6db817623d33e100708d9a68e1f53b26b"},
    {file = "MarkupSafe-1.1.1-cp38-cp38-win32.whl", hash = "sha256:596510de112c685489095da617b5bcbbac7dd6384aeebeda4df6025d0256a81b"},
    {file = "MarkupSafe-1.1.1-cp38-cp38-win_amd64.whl", hash = "sha256:e8313f01ba26fbbe36c7be1966a7b7424942f670f38e666995b88d012765b9be"},
    {file = "MarkupSafe-1.1.1-cp39-cp39-macosx_10_9_x86_64.whl", hash = "sha256:d73a845f227b0bfe8a7455ee623525ee656a9e2e749e4742706d80a6065d5e2c"},
    {file = "MarkupSafe-1.1.1-cp39-cp39-manylinux1_i686.whl", hash = "sha256:98bae9582248d6cf62321dcb52aaf5d9adf0bad3b40582925ef7c7f0ed85fceb"},
    {file = "MarkupSafe-1.1.1-cp39-cp39-manylinux1_x86_64.whl", hash = "sha256:2beec1e0de6924ea551859edb9e7679da6e4870d32cb766240ce17e0a0ba2014"},
    {file = "MarkupSafe-1.1.1-cp39-cp39-manylinux2010_i686.whl", hash = "sha256:7fed13866cf14bba33e7176717346713881f56d9d2bcebab207f7a036f41b850"},
    {file = "MarkupSafe-1.1.1-cp39-cp39-manylinux2010_x86_64.whl", hash = "sha256:6f1e273a344928347c1290119b493a1f0303c52f5a5eae5f16d74f48c15d4a85"},
    {file = "MarkupSafe-1.1.1-cp39-cp39-manylinux2014_aarch64.whl", hash = "sha256:feb7b34d6325451ef96bc0e36e1a6c0c1c64bc1fbec4b854f4529e51887b1621"},
    {file = "MarkupSafe-1.1.1-cp39-cp39-win32.whl", hash = "sha256:22c178a091fc6630d0d045bdb5992d2dfe14e3259760e713c490da5323866c39"},
    {file = "MarkupSafe-1.1.1-cp39-cp39-win_amd64.whl", hash = "sha256:b7d644ddb4dbd407d31ffb699f1d140bc35478da613b441c582aeb7c43838dd8"},
    {file = "MarkupSafe-1.1.1.tar.gz", hash = "sha256:29872e92839765e546828bb7754a68c418d927cd064fd4708fab9fe9c8bb116b"},
]

[[package]]
name = "numpy"
version = "1.16.2"
description = "NumPy is the fundamental package for array computing with Python."
category = "main"
optional = false
python-versions = ">=2.7,!=3.0.*,!=3.1.*,!=3.2.*,!=3.3.*"
files = [
    {file = "numpy-1.16.2-cp27-cp27m-macosx_10_6_intel.macosx_10_9_intel.macosx_10_9_x86_64.macosx_10_10_intel.macosx_10_10_x86_64.whl", hash = "sha256:972ea92f9c1b54cc1c1a3d8508e326c0114aaf0f34996772a30f3f52b73b942f"},
    {file = "numpy-1.16.2-cp27-cp27m-manylinux1_i686.whl", hash = "sha256:1980f8d84548d74921685f68096911585fee393975f53797614b34d4f409b6da"},
    {file = "numpy-1.16.2-cp27-cp27m-manylinux1_x86_64.whl", hash = "sha256:560ceaa24f971ab37dede7ba030fc5d8fa173305d94365f814d9523ffd5d5916"},
    {file = "numpy-1.16.2-cp27-cp27m-win32.whl", hash = "sha256:62be044cd58da2a947b7e7b2252a10b42920df9520fc3d39f5c4c70d5460b8ba"},
    {file = "numpy-1.16.2-cp27-cp27m-win_amd64.whl", hash = "sha256:adab43bf657488300d3aeeb8030d7f024fcc86e3a9b8848741ea2ea903e56610"},
    {file = "numpy-1.16.2-cp27-cp27mu-manylinux1_i686.whl", hash = "sha256:9f1d4865436f794accdabadc57a8395bd3faa755449b4f65b88b7df65ae05f89"},
    {file = "numpy-1.16.2-cp27-cp27mu-manylinux1_x86_64.whl", hash = "sha256:fb3c83554f39f48f3fa3123b9c24aecf681b1c289f9334f8215c1d3c8e2f6e5b"},
    {file = "numpy-1.16.2-cp35-cp35m-macosx_10_6_intel.macosx_10_9_intel.macosx_10_9_x86_64.macosx_10_10_intel.macosx_10_10_x86_64.whl", hash = "sha256:6f65e37b5a331df950ef6ff03bd4136b3c0bbcf44d4b8e99135d68a537711b5a"},
    {file = "numpy-1.16.2-cp35-cp35m-manylinux1_i686.whl", hash = "sha256:d3b3ed87061d2314ff3659bb73896e622252da52558f2380f12c421fbdee3d89"},
    {file = "numpy-1.16.2-cp35-cp35m-manylinux1_x86_64.whl", hash = "sha256:893f4d75255f25a7b8516feb5766c6b63c54780323b9bd4bc51cdd7efc943c73"},
    {file = "numpy-1.16.2-cp35-cp35m-win32.whl", hash = "sha256:3a0bd1edf64f6a911427b608a894111f9fcdb25284f724016f34a84c9a3a6ea9"},
    {file = "numpy-1.16.2-cp35-cp35m-win_amd64.whl", hash = "sha256:2b0b118ff547fecabc247a2668f48f48b3b1f7d63676ebc5be7352a5fd9e85a5"},
    {file = "numpy-1.16.2-cp36-cp36m-macosx_10_6_intel.macosx_10_9_intel.macosx_10_9_x86_64.macosx_10_10_intel.macosx_10_10_x86_64.whl", hash = "sha256:bd2834d496ba9b1bdda3a6cf3de4dc0d4a0e7be306335940402ec95132ad063d"},
    {file = "numpy-1.16.2-cp36-cp36m-manylinux1_i686.whl", hash = "sha256:3f25f6c7b0d000017e5ac55977a3999b0b1a74491eacb3c1aa716f0e01f6dcd1"},
    {file = "numpy-1.16.2-cp36-cp36m-manylinux1_x86_64.whl", hash = "sha256:23cc40313036cffd5d1873ef3ce2e949bdee0646c5d6f375bf7ee4f368db2511"},
    {file = "numpy-1.16.2-cp36-cp36m-win32.whl", hash = "sha256:22752cd809272671b273bb86df0f505f505a12368a3a5fc0aa811c7ece4dfd5c"},
    {file = "numpy-1.16.2-cp36-cp36m-win_amd64.whl", hash = "sha256:d20c0360940f30003a23c0adae2fe50a0a04f3e48dc05c298493b51fd6280197"},
    {file = "numpy-1.16.2-cp37-cp37m-macosx_10_6_intel.macosx_10_9_intel.macosx_10_9_x86_64.macosx_10_10_intel.macosx_10_10_x86_64.whl", hash = "sha256:80a41edf64a3626e729a62df7dd278474fc1726836552b67a8c6396fd7e86760"},
    {file = "numpy-1.16.2-cp37-cp37m-manylinux1_i686.whl", hash = "sha256:7a78cc4ddb253a55971115f8320a7ce28fd23a065fc33166d601f51760eecfa9"},
    {file = "numpy-1.16.2-cp37-cp37m-manylinux1_x86_64.whl", hash = "sha256:9f4cd7832b35e736b739be03b55875706c8c3e5fe334a06210f1a61e5c2c8ca5"},
    {file = "numpy-1.16.2-cp37-cp37m-win32.whl", hash = "sha256:dc235bf29a406dfda5790d01b998a1c01d7d37f449128c0b1b7d1c89a84fae8b"},
    {file = "numpy-1.16.2-cp37-cp37m-win_amd64.whl", hash = "sha256:4061c79ac2230594a7419151028e808239450e676c39e58302ad296232e3c2e8"},
    {file = "numpy-1.16.2.zip", hash = "sha256:6c692e3879dde0b67a9dc78f9bfb6f61c666b4562fd8619632d7043fb5b691b0"},
]

[[package]]
name = "peewee"
version = "3.11.2"
description = "a little orm"
category = "main"
optional = false
python-versions = "*"
files = [
    {file = "peewee-3.11.2.tar.gz", hash = "sha256:f3f5c80c51b632d031f60454accadd84f166453a471bff63093ca674973f2a4e"},
]

[[package]]
name = "python-dateutil"
version = "2.8.0"
description = "Extensions to the standard Python datetime module"
category = "main"
optional = false
python-versions = ">=2.7, !=3.0.*, !=3.1.*, !=3.2.*"
files = [
    {file = "python-dateutil-2.8.0.tar.gz", hash = "sha256:c89805f6f4d64db21ed966fda138f8a5ed7a4fdbc1a8ee329ce1b74e3c74da9e"},
    {file = "python_dateutil-2.8.0-py2.py3-none-any.whl", hash = "sha256:7e6584c74aeed623791615e26efd690f29817a27c73085b78e4bad02493df2fb"},
]

[package.dependencies]
six = ">=1.5"

[[package]]
name = "requests"
version = "2.21.0"
description = "Python HTTP for Humans."
category = "main"
optional = false
python-versions = ">=2.7, !=3.0.*, !=3.1.*, !=3.2.*, !=3.3.*"
files = [
    {file = "requests-2.21.0-py2.py3-none-any.whl", hash = "sha256:7bf2a778576d825600030a110f3c0e3e8edc51dfaafe1c146e39a2027784957b"},
    {file = "requests-2.21.0.tar.gz", hash = "sha256:502a824f31acdacb3a35b6690b5fbf0bc41d63a24a45c4004352b0242707598e"},
]

[package.dependencies]
certifi = ">=2017.4.17"
chardet = ">=3.0.2,<3.1.0"
idna = ">=2.5,<2.9"
urllib3 = ">=1.21.1,<1.25"

[package.extras]
security = ["cryptography (>=1.3.4)", "idna (>=2.0.0)", "pyOpenSSL (>=0.14)"]
socks = ["PySocks (>=1.5.6,!=1.5.7)", "win-inet-pton"]

[[package]]
name = "s3transfer"
version = "0.2.0"
description = "An Amazon S3 Transfer Manager"
category = "main"
optional = false
python-versions = "*"
files = [
    {file = "s3transfer-0.2.0-py2.py3-none-any.whl", hash = "sha256:7b9ad3213bff7d357f888e0fab5101b56fa1a0548ee77d121c3a3dbfbef4cb2e"},
    {file = "s3transfer-0.2.0.tar.gz", hash = "sha256:f23d5cb7d862b104401d9021fc82e5fa0e0cf57b7660a1331425aab0c691d021"},
]

[package.dependencies]
botocore = ">=1.12.36,<2.0.0"

[[package]]
name = "scipy"
version = "1.2.1"
description = "SciPy: Scientific Library for Python"
category = "main"
optional = false
python-versions = ">=2.7,!=3.0.*,!=3.1.*,!=3.2.*,!=3.3.*"
files = [
    {file = "scipy-1.2.1-cp27-cp27m-macosx_10_6_intel.macosx_10_9_intel.macosx_10_9_x86_64.macosx_10_10_intel.macosx_10_10_x86_64.whl", hash = "sha256:f06819b028b8ef9010281e74c59cb35483933583043091ed6b261bb1540f11cc"},
    {file = "scipy-1.2.1-cp27-cp27m-manylinux1_i686.whl", hash = "sha256:70e37cec0ac0fe95c85b74ca4e0620169590fd5d3f44765f3c3a532cedb0e5fd"},
    {file = "scipy-1.2.1-cp27-cp27m-manylinux1_x86_64.whl", hash = "sha256:9726791484f08e394af0b59eb80489ad94d0a53bbb58ab1837dcad4d58489863"},
    {file = "scipy-1.2.1-cp27-cp27m-win32.whl", hash = "sha256:790cbd3c8d09f3a6d9c47c4558841e25bac34eb7a0864a9def8f26be0b8706af"},
    {file = "scipy-1.2.1-cp27-cp27m-win_amd64.whl", hash = "sha256:014cb900c003b5ac81a53f2403294e8ecf37aedc315b59a6b9370dce0aa7627a"},
    {file = "scipy-1.2.1-cp27-cp27mu-manylinux1_i686.whl", hash = "sha256:78e12972e144da47326958ac40c2bd1c1cca908edc8b01c26a36f9ffd3dce466"},
    {file = "scipy-1.2.1-cp27-cp27mu-manylinux1_x86_64.whl", hash = "sha256:f15f2d60a11c306de7700ee9f65df7e9e463848dbea9c8051e293b704038da60"},
    {file = "scipy-1.2.1-cp34-cp34m-macosx_10_6_intel.macosx_10_9_intel.macosx_10_9_x86_64.macosx_10_10_intel.macosx_10_10_x86_64.whl", hash = "sha256:e2cfcbab37c082a5087aba5ff00209999053260441caadd4f0e8f4c2d6b72088"},
    {file = "scipy-1.2.1-cp34-cp34m-manylinux1_i686.whl", hash = "sha256:b86ae13c597fca087cb8c193870507c8916cefb21e52e1897da320b5a35075e5"},
    {file = "scipy-1.2.1-cp34-cp34m-manylinux1_x86_64.whl", hash = "sha256:865afedf35aaef6df6344bee0de391ee5e99d6e802950a237f9fb9b13e441f91"},
    {file = "scipy-1.2.1-cp34-cp34m-win32.whl", hash = "sha256:e742f1f5dcaf222e8471c37ee3d1fd561568a16bb52e031c25674ff1cf9702d5"},
    {file = "scipy-1.2.1-cp34-cp34m-win_amd64.whl", hash = "sha256:f6b88c8d302c3dac8dff7766955e38d670c82e0d79edfc7eae47d6bb2c186594"},
    {file = "scipy-1.2.1-cp35-cp35m-macosx_10_6_intel.macosx_10_9_intel.macosx_10_9_x86_64.macosx_10_10_intel.macosx_10_10_x86_64.whl", hash = "sha256:7274735fb6fb5d67d3789ddec2cd53ed6362539b41aa6cc0d33a06c003aaa390"},
    {file = "scipy-1.2.1-cp35-cp35m-manylinux1_i686.whl", hash = "sha256:963815c226b29b0176d5e3d37fc9de46e2778ce4636a5a7af11a48122ef2577c"},
    {file = "scipy-1.2.1-cp35-cp35m-manylinux1_x86_64.whl", hash = "sha256:281a34da34a5e0de42d26aed692ab710141cad9d5d218b20643a9cb538ace976"},
    {file = "scipy-1.2.1-cp35-cp35m-win32.whl", hash = "sha256:5a10661accd36b6e2e8855addcf3d675d6222006a15795420a39c040362def66"},
    {file = "scipy-1.2.1-cp35-cp35m-win_amd64.whl", hash = "sha256:def0e5d681dd3eb562b059d355ae8bebe27f5cc455ab7c2b6655586b63d3a8ea"},
    {file = "scipy-1.2.1-cp36-cp36m-macosx_10_6_intel.macosx_10_9_intel.macosx_10_9_x86_64.macosx_10_10_intel.macosx_10_10_x86_64.whl", hash = "sha256:79792c8fe8e9d06ebc50fe23266522c8c89f20aa94ac8e80472917ecdce1e5ba"},
    {file = "scipy-1.2.1-cp36-cp36m-manylinux1_i686.whl", hash = "sha256:6dcc43a88e25b815c2dea1c6fac7339779fc988f5df8396e1de01610604a7c38"},
    {file = "scipy-1.2.1-cp36-cp36m-manylinux1_x86_64.whl", hash = "sha256:f31338ee269d201abe76083a990905473987371ff6f3fdb76a3f9073a361cf37"},
    {file = "scipy-1.2.1-cp36-cp36m-win32.whl", hash = "sha256:9de84a71bb7979aa8c089c4fb0ea0e2ed3917df3fb2a287a41aaea54bbad7f5d"},
    {file = "scipy-1.2.1-cp36-cp36m-win_amd64.whl", hash = "sha256:b2c324ddc5d6dbd3f13680ad16a29425841876a84a1de23a984236d1afff4fa6"},
    {file = "scipy-1.2.1-cp37-cp37m-macosx_10_6_intel.macosx_10_9_intel.macosx_10_9_x86_64.macosx_10_10_intel.macosx_10_10_x86_64.whl", hash = "sha256:588f9cc4bfab04c45fbd19c1354b5ade377a8124d6151d511c83730a9b6b2338"},
    {file = "scipy-1.2.1-cp37-cp37m-manylinux1_i686.whl", hash = "sha256:628f60be272512ca1123524969649a8cb5ae8b31cca349f7c6f8903daf9034d7"},
    {file = "scipy-1.2.1-cp37-cp37m-manylinux1_x86_64.whl", hash = "sha256:870fd401ec7b64a895cff8e206ee16569158db00254b2f7157b4c9a5db72c722"},
    {file = "scipy-1.2.1-cp37-cp37m-win32.whl", hash = "sha256:d78702af4102a3a4e23bb7372cec283e78f32f5573d92091aa6aaba870370fe1"},
    {file = "scipy-1.2.1-cp37-cp37m-win_amd64.whl", hash = "sha256:ba0488d4dbba2af5bf9596b849873102d612e49a118c512d9d302ceafa36e01a"},
    {file = "scipy-1.2.1.tar.gz", hash = "sha256:e085d1babcb419bbe58e2e805ac61924dac4ca45a07c9fa081144739e500aa3c"},
]

[package.dependencies]
numpy = ">=1.8.2"

[[package]]
name = "six"
version = "1.12.0"
description = "Python 2 and 3 compatibility utilities"
category = "main"
optional = false
python-versions = ">=2.6, !=3.0.*, !=3.1.*"
files = [
    {file = "six-1.12.0-py2.py3-none-any.whl", hash = "sha256:3350809f0555b11f552448330d0b52d5f24c91a322ea4a15ef22629740f3761c"},
    {file = "six-1.12.0.tar.gz", hash = "sha256:d16a0141ec1a18405cd4ce8b4613101da75da0e9a7aec5bdd4fa804d0e0eba73"},
]

[[package]]
name = "smart-open"
version = "1.8.0"
description = "Utils for streaming large files (S3, HDFS, gzip, bz2...)"
category = "main"
optional = false
python-versions = "*"
files = [
    {file = "smart_open-1.8.0.tar.gz", hash = "sha256:a52206bb69c38c5f08709ec2ee5704b0f86fc0a770935b5dad9b5841bfd5f502"},
]

[package.dependencies]
boto = ">=2.32"
boto3 = "*"
bz2file = "*"
requests = "*"

[package.extras]
test = ["boto3 (<1.8.0)", "google-compute-engine (==2.8.12)", "mock", "moto (==1.3.4)", "pathlib2", "responses"]

[[package]]
name = "sniffio"
version = "1.3.0"
description = "Sniff out which async library your code is running under"
category = "main"
optional = false
python-versions = ">=3.7"
files = [
    {file = "sniffio-1.3.0-py3-none-any.whl", hash = "sha256:eecefdce1e5bbfb7ad2eeaabf7c1eeb404d7757c379bd1f7e5cce9d8bf425384"},
    {file = "sniffio-1.3.0.tar.gz", hash = "sha256:e60305c5e5d314f5389259b7f22aaa33d8f7dee49763119234af3755c55b9101"},
]

[[package]]
name = "starlette"
version = "0.25.0"
description = "The little ASGI library that shines."
category = "main"
optional = false
python-versions = ">=3.7"
files = [
    {file = "starlette-0.25.0-py3-none-any.whl", hash = "sha256:774f1df1983fd594b9b6fb3ded39c2aa1979d10ac45caac0f4255cbe2acb8628"},
    {file = "starlette-0.25.0.tar.gz", hash = "sha256:854c71e73736c429c2bdb07801f2c76c9cba497e7c3cf4988fde5e95fe4cdb3c"},
]

[package.dependencies]
anyio = ">=3.4.0,<5"
typing-extensions = {version = ">=3.10.0", markers = "python_version < \"3.10\""}

[package.extras]
full = ["httpx (>=0.22.0)", "itsdangerous", "jinja2", "python-multipart", "pyyaml"]

[[package]]
name = "typing-extensions"
version = "4.4.0"
description = "Backported and Experimental Type Hints for Python 3.7+"
category = "main"
optional = false
python-versions = ">=3.7"
files = [
    {file = "typing_extensions-4.4.0-py3-none-any.whl", hash = "sha256:16fa4864408f655d35ec496218b85f79b3437c829e93320c7c9215ccfd92489e"},
    {file = "typing_extensions-4.4.0.tar.gz", hash = "sha256:1511434bb92bf8dd198c12b1cc812e800d4181cfcb867674e0f8279cc93087aa"},
]

[[package]]
name = "urllib3"
version = "1.24.1"
description = "HTTP library with thread-safe connection pooling, file post, and more."
category = "main"
optional = false
python-versions = ">=2.7, !=3.0.*, !=3.1.*, !=3.2.*, !=3.3.*, <4"
files = [
    {file = "urllib3-1.24.1-py2.py3-none-any.whl", hash = "sha256:61bf29cada3fc2fbefad4fdf059ea4bd1b4a86d2b6d15e1c7c0b582b9752fe39"},
    {file = "urllib3-1.24.1.tar.gz", hash = "sha256:de9529817c93f27c8ccbfead6985011db27bd0ddfcdb2d86f3f663385c6a9c22"},
]

[package.extras]
secure = ["certifi", "cryptography (>=1.3.4)", "idna (>=2.0.0)", "ipaddress", "pyOpenSSL (>=0.14)"]
socks = ["PySocks (>=1.5.6,!=1.5.7,<2.0)"]

[[package]]
name = "uvicorn"
version = "0.10.4"
description = "The lightning-fast ASGI server."
category = "main"
optional = false
python-versions = "*"
files = [
    {file = "uvicorn-0.10.4.tar.gz", hash = "sha256:a119aad7a904fca3722ae869410d15d2c4db2076cdf31b07078d8a22db9fd057"},
]

[package.dependencies]
click = ">=7.0.0,<8.0.0"
h11 = ">=0.8.0,<0.9.0"
httptools = {version = "0.0.13", markers = "sys_platform != \"win32\" and sys_platform != \"cygwin\" and platform_python_implementation != \"pypy\""}
uvloop = {version = "0.14.0rc2", markers = "sys_platform != \"win32\" and sys_platform != \"cygwin\" and platform_python_implementation != \"pypy\""}
websockets = ">=8.0.0,<9.0.0"

[[package]]
name = "uvloop"
version = "0.14.0rc2"
description = "Fast implementation of asyncio event loop on top of libuv"
category = "main"
optional = false
python-versions = "*"
files = [
    {file = "uvloop-0.14.0rc2-cp35-cp35m-macosx_10_11_x86_64.whl", hash = "sha256:426074b9f5ee5865fcf0818252c16e72446e97578349d8b58ae3a666dacd8e38"},
    {file = "uvloop-0.14.0rc2-cp35-cp35m-manylinux2010_x86_64.whl", hash = "sha256:2cffc419a627bc71285d9481c869228a84f56358e54b1f683bc1d4be19b66651"},
    {file = "uvloop-0.14.0rc2-cp36-cp36m-macosx_10_11_x86_64.whl", hash = "sha256:aa10c0246425d8e7f494c639473427a35831222af5a2b0cb59eab251715a0d09"},
    {file = "uvloop-0.14.0rc2-cp36-cp36m-manylinux2010_x86_64.whl", hash = "sha256:c0f69bc2e750b5370010c48c9825c6785487d60fa26025df6206f33b5027fc56"},
    {file = "uvloop-0.14.0rc2-cp37-cp37m-macosx_10_11_x86_64.whl", hash = "sha256:117357af2b79d9183675adace1e1e1b3400be81fdd54cdc8feb6a54724f099ca"},
    {file = "uvloop-0.14.0rc2-cp37-cp37m-manylinux2010_x86_64.whl", hash = "sha256:61b898682e3dc3673216f1c6678013d8f758304013d897f56d8bdc1d4ffe04e3"},
    {file = "uvloop-0.14.0rc2-cp38-cp38-macosx_10_11_x86_64.whl", hash = "sha256:b5c5a51b09ef6e787faadb5bcbd88d117c5136a162c40629a0d98707ae05dc6b"},
    {file = "uvloop-0.14.0rc2-cp38-cp38-manylinux2010_x86_64.whl", hash = "sha256:667463aa2a2f6ed0a51a631f204a1ae9c71c8e49e2d8d82b3b9bf32833a7de83"},
    {file = "uvloop-0.14.0rc2.tar.gz", hash = "sha256:7d557bf49991e3f2b70298b117fc09791eba0115af2198a5a385eab85c776130"},
]

[[package]]
name = "websockets"
version = "8.1"
description = "An implementation of the WebSocket Protocol (RFC 6455 & 7692)"
category = "main"
optional = false
python-versions = ">=3.6.1"
files = [
    {file = "websockets-8.1-cp36-cp36m-macosx_10_6_intel.whl", hash = "sha256:3762791ab8b38948f0c4d281c8b2ddfa99b7e510e46bd8dfa942a5fff621068c"},
    {file = "websockets-8.1-cp36-cp36m-manylinux1_i686.whl", hash = "sha256:3db87421956f1b0779a7564915875ba774295cc86e81bc671631379371af1170"},
    {file = "websockets-8.1-cp36-cp36m-manylinux1_x86_64.whl", hash = "sha256:4f9f7d28ce1d8f1295717c2c25b732c2bc0645db3215cf757551c392177d7cb8"},
    {file = "websockets-8.1-cp36-cp36m-manylinux2010_i686.whl", hash = "sha256:295359a2cc78736737dd88c343cd0747546b2174b5e1adc223824bcaf3e164cb"},
    {file = "websockets-8.1-cp36-cp36m-manylinux2010_x86_64.whl", hash = "sha256:1d3f1bf059d04a4e0eb4985a887d49195e15ebabc42364f4eb564b1d065793f5"},
    {file = "websockets-8.1-cp36-cp36m-win32.whl", hash = "sha256:2db62a9142e88535038a6bcfea70ef9447696ea77891aebb730a333a51ed559a"},
    {file = "websockets-8.1-cp36-cp36m-win_amd64.whl", hash = "sha256:0e4fb4de42701340bd2353bb2eee45314651caa6ccee80dbd5f5d5978888fed5"},
    {file = "websockets-8.1-cp37-cp37m-macosx_10_6_intel.whl", hash = "sha256:9b248ba3dd8a03b1a10b19efe7d4f7fa41d158fdaa95e2cf65af5a7b95a4f989"},
    {file = "websockets-8.1-cp37-cp37m-manylinux1_i686.whl", hash = "sha256:ce85b06a10fc65e6143518b96d3dca27b081a740bae261c2fb20375801a9d56d"},
    {file = "websockets-8.1-cp37-cp37m-manylinux1_x86_64.whl", hash = "sha256:965889d9f0e2a75edd81a07592d0ced54daa5b0785f57dc429c378edbcffe779"},
    {file = "websockets-8.1-cp37-cp37m-manylinux2010_i686.whl", hash = "sha256:751a556205d8245ff94aeef23546a1113b1dd4f6e4d102ded66c39b99c2ce6c8"},
    {file = "websockets-8.1-cp37-cp37m-manylinux2010_x86_64.whl", hash = "sha256:3ef56fcc7b1ff90de46ccd5a687bbd13a3180132268c4254fc0fa44ecf4fc422"},
    {file = "websockets-8.1-cp37-cp37m-win32.whl", hash = "sha256:7ff46d441db78241f4c6c27b3868c9ae71473fe03341340d2dfdbe8d79310acc"},
    {file = "websockets-8.1-cp37-cp37m-win_amd64.whl", hash = "sha256:20891f0dddade307ffddf593c733a3fdb6b83e6f9eef85908113e628fa5a8308"},
    {file = "websockets-8.1-cp38-cp38-macosx_10_9_x86_64.whl", hash = "sha256:c1ec8db4fac31850286b7cd3b9c0e1b944204668b8eb721674916d4e28744092"},
    {file = "websockets-8.1-cp38-cp38-manylinux1_i686.whl", hash = "sha256:5c01fd846263a75bc8a2b9542606927cfad57e7282965d96b93c387622487485"},
    {file = "websockets-8.1-cp38-cp38-manylinux1_x86_64.whl", hash = "sha256:9bef37ee224e104a413f0780e29adb3e514a5b698aabe0d969a6ba426b8435d1"},
    {file = "websockets-8.1-cp38-cp38-manylinux2010_i686.whl", hash = "sha256:d705f8aeecdf3262379644e4b55107a3b55860eb812b673b28d0fbc347a60c55"},
    {file = "websockets-8.1-cp38-cp38-manylinux2010_x86_64.whl", hash = "sha256:c8a116feafdb1f84607cb3b14aa1418424ae71fee131642fc568d21423b51824"},
    {file = "websockets-8.1-cp38-cp38-win32.whl", hash = "sha256:e898a0863421650f0bebac8ba40840fc02258ef4714cb7e1fd76b6a6354bda36"},
    {file = "websockets-8.1-cp38-cp38-win_amd64.whl", hash = "sha256:f8a7bff6e8664afc4e6c28b983845c5bc14965030e3fb98789734d416af77c4b"},
    {file = "websockets-8.1.tar.gz", hash = "sha256:5c65d2da8c6bce0fca2528f69f44b2f977e06954c8512a952222cea50dad430f"},
]

[metadata]
lock-version = "2.0"
python-versions = "^3.7"
content-hash = "be7f8df6f0738ef2f27b8fb0d9379505bf3c6c500f0b339afb46e7296bedf690"
